// !$*UTF8*$!
{
	archiveVersion = 1;
	classes = {
	};
	objectVersion = 46;
	objects = {

/* Begin PBXBuildFile section */
		A83CA7B6197434D200BD8852 /* Foundation.framework in Frameworks */ = {isa = PBXBuildFile; fileRef = A83CA7B5197434D200BD8852 /* Foundation.framework */; };
		A83CA7B8197434D200BD8852 /* CoreGraphics.framework in Frameworks */ = {isa = PBXBuildFile; fileRef = A83CA7B7197434D200BD8852 /* CoreGraphics.framework */; };
		A83CA7BA197434D200BD8852 /* UIKit.framework in Frameworks */ = {isa = PBXBuildFile; fileRef = A83CA7B9197434D200BD8852 /* UIKit.framework */; };
		A83CA7C0197434D200BD8852 /* InfoPlist.strings in Resources */ = {isa = PBXBuildFile; fileRef = A83CA7BE197434D200BD8852 /* InfoPlist.strings */; };
		A83CA7C2197434D200BD8852 /* main.m in Sources */ = {isa = PBXBuildFile; fileRef = A83CA7C1197434D200BD8852 /* main.m */; };
		A83CA7C6197434D200BD8852 /* AppDelegate.m in Sources */ = {isa = PBXBuildFile; fileRef = A83CA7C5197434D200BD8852 /* AppDelegate.m */; };
		A83CA7C9197434D300BD8852 /* Main.storyboard in Resources */ = {isa = PBXBuildFile; fileRef = A83CA7C7197434D300BD8852 /* Main.storyboard */; };
		A83CA7CC197434D300BD8852 /* ViewController.m in Sources */ = {isa = PBXBuildFile; fileRef = A83CA7CB197434D300BD8852 /* ViewController.m */; };
		A83CA7CE197434D300BD8852 /* Images.xcassets in Resources */ = {isa = PBXBuildFile; fileRef = A83CA7CD197434D300BD8852 /* Images.xcassets */; };
		A83CA7D5197434D400BD8852 /* XCTest.framework in Frameworks */ = {isa = PBXBuildFile; fileRef = A83CA7D4197434D400BD8852 /* XCTest.framework */; };
		A83CA7D6197434D400BD8852 /* Foundation.framework in Frameworks */ = {isa = PBXBuildFile; fileRef = A83CA7B5197434D200BD8852 /* Foundation.framework */; };
		A83CA7D7197434D400BD8852 /* UIKit.framework in Frameworks */ = {isa = PBXBuildFile; fileRef = A83CA7B9197434D200BD8852 /* UIKit.framework */; };
		A83CA7DF197434D400BD8852 /* InfoPlist.strings in Resources */ = {isa = PBXBuildFile; fileRef = A83CA7DD197434D400BD8852 /* InfoPlist.strings */; };
		A83CA7E1197434D400BD8852 /* insultMasterTests.m in Sources */ = {isa = PBXBuildFile; fileRef = A83CA7E0197434D400BD8852 /* insultMasterTests.m */; };
/* End PBXBuildFile section */

/* Begin PBXContainerItemProxy section */
		A83CA7D8197434D400BD8852 /* PBXContainerItemProxy */ = {
			isa = PBXContainerItemProxy;
			containerPortal = A83CA7AA197434D200BD8852 /* Project object */;
			proxyType = 1;
			remoteGlobalIDString = A83CA7B1197434D200BD8852;
			remoteInfo = insultMaster;
		};
/* End PBXContainerItemProxy section */

/* Begin PBXFileReference section */
		A83CA7B2197434D200BD8852 /* insultMaster.app */ = {isa = PBXFileReference; explicitFileType = wrapper.application; includeInIndex = 0; path = insultMaster.app; sourceTree = BUILT_PRODUCTS_DIR; };
		A83CA7B5197434D200BD8852 /* Foundation.framework */ = {isa = PBXFileReference; lastKnownFileType = wrapper.framework; name = Foundation.framework; path = System/Library/Frameworks/Foundation.framework; sourceTree = SDKROOT; };
		A83CA7B7197434D200BD8852 /* CoreGraphics.framework */ = {isa = PBXFileReference; lastKnownFileType = wrapper.framework; name = CoreGraphics.framework; path = System/Library/Frameworks/CoreGraphics.framework; sourceTree = SDKROOT; };
		A83CA7B9197434D200BD8852 /* UIKit.framework */ = {isa = PBXFileReference; lastKnownFileType = wrapper.framework; name = UIKit.framework; path = System/Library/Frameworks/UIKit.framework; sourceTree = SDKROOT; };
		A83CA7BD197434D200BD8852 /* insultMaster-Info.plist */ = {isa = PBXFileReference; lastKnownFileType = text.plist.xml; path = "insultMaster-Info.plist"; sourceTree = "<group>"; };
		A83CA7BF197434D200BD8852 /* en */ = {isa = PBXFileReference; lastKnownFileType = text.plist.strings; name = en; path = en.lproj/InfoPlist.strings; sourceTree = "<group>"; };
		A83CA7C1197434D200BD8852 /* main.m */ = {isa = PBXFileReference; lastKnownFileType = sourcecode.c.objc; path = main.m; sourceTree = "<group>"; };
		A83CA7C3197434D200BD8852 /* insultMaster-Prefix.pch */ = {isa = PBXFileReference; lastKnownFileType = sourcecode.c.h; path = "insultMaster-Prefix.pch"; sourceTree = "<group>"; };
		A83CA7C4197434D200BD8852 /* AppDelegate.h */ = {isa = PBXFileReference; lastKnownFileType = sourcecode.c.h; path = AppDelegate.h; sourceTree = "<group>"; };
		A83CA7C5197434D200BD8852 /* AppDelegate.m */ = {isa = PBXFileReference; lastKnownFileType = sourcecode.c.objc; path = AppDelegate.m; sourceTree = "<group>"; };
		A83CA7C8197434D300BD8852 /* Base */ = {isa = PBXFileReference; lastKnownFileType = file.storyboard; name = Base; path = Base.lproj/Main.storyboard; sourceTree = "<group>"; };
		A83CA7CA197434D300BD8852 /* ViewController.h */ = {isa = PBXFileReference; lastKnownFileType = sourcecode.c.h; path = ViewController.h; sourceTree = "<group>"; };
		A83CA7CB197434D300BD8852 /* ViewController.m */ = {isa = PBXFileReference; lastKnownFileType = sourcecode.c.objc; path = ViewController.m; sourceTree = "<group>"; };
		A83CA7CD197434D300BD8852 /* Images.xcassets */ = {isa = PBXFileReference; lastKnownFileType = folder.assetcatalog; path = Images.xcassets; sourceTree = "<group>"; };
		A83CA7D3197434D400BD8852 /* insultMasterTests.xctest */ = {isa = PBXFileReference; explicitFileType = wrapper.cfbundle; includeInIndex = 0; path = insultMasterTests.xctest; sourceTree = BUILT_PRODUCTS_DIR; };
		A83CA7D4197434D400BD8852 /* XCTest.framework */ = {isa = PBXFileReference; lastKnownFileType = wrapper.framework; name = XCTest.framework; path = Library/Frameworks/XCTest.framework; sourceTree = DEVELOPER_DIR; };
		A83CA7DC197434D400BD8852 /* insultMasterTests-Info.plist */ = {isa = PBXFileReference; lastKnownFileType = text.plist.xml; path = "insultMasterTests-Info.plist"; sourceTree = "<group>"; };
		A83CA7DE197434D400BD8852 /* en */ = {isa = PBXFileReference; lastKnownFileType = text.plist.strings; name = en; path = en.lproj/InfoPlist.strings; sourceTree = "<group>"; };
		A83CA7E0197434D400BD8852 /* insultMasterTests.m */ = {isa = PBXFileReference; lastKnownFileType = sourcecode.c.objc; path = insultMasterTests.m; sourceTree = "<group>"; };
/* End PBXFileReference section */

/* Begin PBXFrameworksBuildPhase section */
		A83CA7AF197434D200BD8852 /* Frameworks */ = {
			isa = PBXFrameworksBuildPhase;
			buildActionMask = 2147483647;
			files = (
				A83CA7B8197434D200BD8852 /* CoreGraphics.framework in Frameworks */,
				A83CA7BA197434D200BD8852 /* UIKit.framework in Frameworks */,
				A83CA7B6197434D200BD8852 /* Foundation.framework in Frameworks */,
			);
			runOnlyForDeploymentPostprocessing = 0;
		};
		A83CA7D0197434D400BD8852 /* Frameworks */ = {
			isa = PBXFrameworksBuildPhase;
			buildActionMask = 2147483647;
			files = (
				A83CA7D5197434D400BD8852 /* XCTest.framework in Frameworks */,
				A83CA7D7197434D400BD8852 /* UIKit.framework in Frameworks */,
				A83CA7D6197434D400BD8852 /* Foundation.framework in Frameworks */,
			);
			runOnlyForDeploymentPostprocessing = 0;
		};
/* End PBXFrameworksBuildPhase section */

/* Begin PBXGroup section */
		A83CA7A9197434D200BD8852 = {
			isa = PBXGroup;
			children = (
				A83CA7BB197434D200BD8852 /* insultMaster */,
				A83CA7DA197434D400BD8852 /* insultMasterTests */,
				A83CA7B4197434D200BD8852 /* Frameworks */,
				A83CA7B3197434D200BD8852 /* Products */,
			);
			sourceTree = "<group>";
		};
		A83CA7B3197434D200BD8852 /* Products */ = {
			isa = PBXGroup;
			children = (
				A83CA7B2197434D200BD8852 /* insultMaster.app */,
				A83CA7D3197434D400BD8852 /* insultMasterTests.xctest */,
			);
			name = Products;
			sourceTree = "<group>";
		};
		A83CA7B4197434D200BD8852 /* Frameworks */ = {
			isa = PBXGroup;
			children = (
				A83CA7B5197434D200BD8852 /* Foundation.framework */,
				A83CA7B7197434D200BD8852 /* CoreGraphics.framework */,
				A83CA7B9197434D200BD8852 /* UIKit.framework */,
				A83CA7D4197434D400BD8852 /* XCTest.framework */,
			);
			name = Frameworks;
			sourceTree = "<group>";
		};
		A83CA7BB197434D200BD8852 /* insultMaster */ = {
			isa = PBXGroup;
			children = (
				A83CA7C4197434D200BD8852 /* AppDelegate.h */,
				A83CA7C5197434D200BD8852 /* AppDelegate.m */,
				A83CA7C7197434D300BD8852 /* Main.storyboard */,
				A83CA7CA197434D300BD8852 /* ViewController.h */,
				A83CA7CB197434D300BD8852 /* ViewController.m */,
				A83CA7CD197434D300BD8852 /* Images.xcassets */,
				A83CA7BC197434D200BD8852 /* Supporting Files */,
			);
			path = insultMaster;
			sourceTree = "<group>";
		};
		A83CA7BC197434D200BD8852 /* Supporting Files */ = {
			isa = PBXGroup;
			children = (
				A83CA7BD197434D200BD8852 /* insultMaster-Info.plist */,
				A83CA7BE197434D200BD8852 /* InfoPlist.strings */,
				A83CA7C1197434D200BD8852 /* main.m */,
				A83CA7C3197434D200BD8852 /* insultMaster-Prefix.pch */,
			);
			name = "Supporting Files";
			sourceTree = "<group>";
		};
		A83CA7DA197434D400BD8852 /* insultMasterTests */ = {
			isa = PBXGroup;
			children = (
				A83CA7E0197434D400BD8852 /* insultMasterTests.m */,
				A83CA7DB197434D400BD8852 /* Supporting Files */,
			);
			path = insultMasterTests;
			sourceTree = "<group>";
		};
		A83CA7DB197434D400BD8852 /* Supporting Files */ = {
			isa = PBXGroup;
			children = (
				A83CA7DC197434D400BD8852 /* insultMasterTests-Info.plist */,
				A83CA7DD197434D400BD8852 /* InfoPlist.strings */,
			);
			name = "Supporting Files";
			sourceTree = "<group>";
		};
/* End PBXGroup section */

/* Begin PBXNativeTarget section */
		A83CA7B1197434D200BD8852 /* insultMaster */ = {
			isa = PBXNativeTarget;
			buildConfigurationList = A83CA7E4197434D400BD8852 /* Build configuration list for PBXNativeTarget "insultMaster" */;
			buildPhases = (
				A83CA7AE197434D200BD8852 /* Sources */,
				A83CA7AF197434D200BD8852 /* Frameworks */,
				A83CA7B0197434D200BD8852 /* Resources */,
			);
			buildRules = (
			);
			dependencies = (
			);
			name = insultMaster;
			productName = insultMaster;
			productReference = A83CA7B2197434D200BD8852 /* insultMaster.app */;
			productType = "com.apple.product-type.application";
		};
		A83CA7D2197434D400BD8852 /* insultMasterTests */ = {
			isa = PBXNativeTarget;
			buildConfigurationList = A83CA7E7197434D400BD8852 /* Build configuration list for PBXNativeTarget "insultMasterTests" */;
			buildPhases = (
				A83CA7CF197434D400BD8852 /* Sources */,
				A83CA7D0197434D400BD8852 /* Frameworks */,
				A83CA7D1197434D400BD8852 /* Resources */,
			);
			buildRules = (
			);
			dependencies = (
				A83CA7D9197434D400BD8852 /* PBXTargetDependency */,
			);
			name = insultMasterTests;
			productName = insultMasterTests;
			productReference = A83CA7D3197434D400BD8852 /* insultMasterTests.xctest */;
			productType = "com.apple.product-type.bundle.unit-test";
		};
/* End PBXNativeTarget section */

/* Begin PBXProject section */
		A83CA7AA197434D200BD8852 /* Project object */ = {
			isa = PBXProject;
			attributes = {
				LastUpgradeCheck = 0510;
				ORGANIZATIONNAME = "Jigar Revar";
				TargetAttributes = {
					A83CA7D2197434D400BD8852 = {
						TestTargetID = A83CA7B1197434D200BD8852;
					};
				};
			};
			buildConfigurationList = A83CA7AD197434D200BD8852 /* Build configuration list for PBXProject "insultMaster" */;
			compatibilityVersion = "Xcode 3.2";
			developmentRegion = English;
			hasScannedForEncodings = 0;
			knownRegions = (
				en,
				Base,
			);
			mainGroup = A83CA7A9197434D200BD8852;
			productRefGroup = A83CA7B3197434D200BD8852 /* Products */;
			projectDirPath = "";
			projectRoot = "";
			targets = (
				A83CA7B1197434D200BD8852 /* insultMaster */,
				A83CA7D2197434D400BD8852 /* insultMasterTests */,
			);
		};
/* End PBXProject section */

/* Begin PBXResourcesBuildPhase section */
		A83CA7B0197434D200BD8852 /* Resources */ = {
			isa = PBXResourcesBuildPhase;
			buildActionMask = 2147483647;
			files = (
				A83CA7CE197434D300BD8852 /* Images.xcassets in Resources */,
				A83CA7C0197434D200BD8852 /* InfoPlist.strings in Resources */,
				A83CA7C9197434D300BD8852 /* Main.storyboard in Resources */,
			);
			runOnlyForDeploymentPostprocessing = 0;
		};
		A83CA7D1197434D400BD8852 /* Resources */ = {
			isa = PBXResourcesBuildPhase;
			buildActionMask = 2147483647;
			files = (
				A83CA7DF197434D400BD8852 /* InfoPlist.strings in Resources */,
			);
			runOnlyForDeploymentPostprocessing = 0;
		};
/* End PBXResourcesBuildPhase section */

/* Begin PBXSourcesBuildPhase section */
		A83CA7AE197434D200BD8852 /* Sources */ = {
			isa = PBXSourcesBuildPhase;
			buildActionMask = 2147483647;
			files = (
				A83CA7CC197434D300BD8852 /* ViewController.m in Sources */,
				A83CA7C6197434D200BD8852 /* AppDelegate.m in Sources */,
				A83CA7C2197434D200BD8852 /* main.m in Sources */,
			);
			runOnlyForDeploymentPostprocessing = 0;
		};
		A83CA7CF197434D400BD8852 /* Sources */ = {
			isa = PBXSourcesBuildPhase;
			buildActionMask = 2147483647;
			files = (
				A83CA7E1197434D400BD8852 /* insultMasterTests.m in Sources */,
			);
			runOnlyForDeploymentPostprocessing = 0;
		};
/* End PBXSourcesBuildPhase section */

/* Begin PBXTargetDependency section */
		A83CA7D9197434D400BD8852 /* PBXTargetDependency */ = {
			isa = PBXTargetDependency;
			target = A83CA7B1197434D200BD8852 /* insultMaster */;
			targetProxy = A83CA7D8197434D400BD8852 /* PBXContainerItemProxy */;
		};
/* End PBXTargetDependency section */

/* Begin PBXVariantGroup section */
		A83CA7BE197434D200BD8852 /* InfoPlist.strings */ = {
			isa = PBXVariantGroup;
			children = (
				A83CA7BF197434D200BD8852 /* en */,
			);
			name = InfoPlist.strings;
			sourceTree = "<group>";
		};
		A83CA7C7197434D300BD8852 /* Main.storyboard */ = {
			isa = PBXVariantGroup;
			children = (
				A83CA7C8197434D300BD8852 /* Base */,
			);
			name = Main.storyboard;
			sourceTree = "<group>";
		};
		A83CA7DD197434D400BD8852 /* InfoPlist.strings */ = {
			isa = PBXVariantGroup;
			children = (
				A83CA7DE197434D400BD8852 /* en */,
			);
			name = InfoPlist.strings;
			sourceTree = "<group>";
		};
/* End PBXVariantGroup section */

/* Begin XCBuildConfiguration section */
		A83CA7E2197434D400BD8852 /* Debug */ = {
			isa = XCBuildConfiguration;
			buildSettings = {
				ALWAYS_SEARCH_USER_PATHS = NO;
				CLANG_CXX_LANGUAGE_STANDARD = "gnu++0x";
				CLANG_CXX_LIBRARY = "libc++";
				CLANG_ENABLE_MODULES = YES;
				CLANG_ENABLE_OBJC_ARC = YES;
				CLANG_WARN_BOOL_CONVERSION = YES;
				CLANG_WARN_CONSTANT_CONVERSION = YES;
				CLANG_WARN_DIRECT_OBJC_ISA_USAGE = YES_ERROR;
				CLANG_WARN_EMPTY_BODY = YES;
				CLANG_WARN_ENUM_CONVERSION = YES;
				CLANG_WARN_INT_CONVERSION = YES;
				CLANG_WARN_OBJC_ROOT_CLASS = YES_ERROR;
				CLANG_WARN__DUPLICATE_METHOD_MATCH = YES;
				"CODE_SIGN_IDENTITY[sdk=iphoneos*]" = "iPhone Developer";
				COPY_PHASE_STRIP = NO;
				GCC_C_LANGUAGE_STANDARD = gnu99;
				GCC_DYNAMIC_NO_PIC = NO;
				GCC_OPTIMIZATION_LEVEL = 0;
				GCC_PREPROCESSOR_DEFINITIONS = (
					"DEBUG=1",
					"$(inherited)",
				);
				GCC_SYMBOLS_PRIVATE_EXTERN = NO;
				GCC_WARN_64_TO_32_BIT_CONVERSION = YES;
				GCC_WARN_ABOUT_RETURN_TYPE = YES_ERROR;
				GCC_WARN_UNDECLARED_SELECTOR = YES;
				GCC_WARN_UNINITIALIZED_AUTOS = YES_AGGRESSIVE;
				GCC_WARN_UNUSED_FUNCTION = YES;
				GCC_WARN_UNUSED_VARIABLE = YES;
				IPHONEOS_DEPLOYMENT_TARGET = 7.1;
				ONLY_ACTIVE_ARCH = YES;
				SDKROOT = iphoneos;
			};
			name = Debug;
		};
		A83CA7E3197434D400BD8852 /* Release */ = {
			isa = XCBuildConfiguration;
			buildSettings = {
				ALWAYS_SEARCH_USER_PATHS = NO;
				CLANG_CXX_LANGUAGE_STANDARD = "gnu++0x";
				CLANG_CXX_LIBRARY = "libc++";
				CLANG_ENABLE_MODULES = YES;
				CLANG_ENABLE_OBJC_ARC = YES;
				CLANG_WARN_BOOL_CONVERSION = YES;
				CLANG_WARN_CONSTANT_CONVERSION = YES;
				CLANG_WARN_DIRECT_OBJC_ISA_USAGE = YES_ERROR;
				CLANG_WARN_EMPTY_BODY = YES;
				CLANG_WARN_ENUM_CONVERSION = YES;
				CLANG_WARN_INT_CONVERSION = YES;
				CLANG_WARN_OBJC_ROOT_CLASS = YES_ERROR;
				CLANG_WARN__DUPLICATE_METHOD_MATCH = YES;
				"CODE_SIGN_IDENTITY[sdk=iphoneos*]" = "iPhone Developer";
				COPY_PHASE_STRIP = YES;
				ENABLE_NS_ASSERTIONS = NO;
				GCC_C_LANGUAGE_STANDARD = gnu99;
				GCC_WARN_64_TO_32_BIT_CONVERSION = YES;
				GCC_WARN_ABOUT_RETURN_TYPE = YES_ERROR;
				GCC_WARN_UNDECLARED_SELECTOR = YES;
				GCC_WARN_UNINITIALIZED_AUTOS = YES_AGGRESSIVE;
				GCC_WARN_UNUSED_FUNCTION = YES;
				GCC_WARN_UNUSED_VARIABLE = YES;
				IPHONEOS_DEPLOYMENT_TARGET = 7.1;
				SDKROOT = iphoneos;
				VALIDATE_PRODUCT = YES;
			};
			name = Release;
		};
		A83CA7E5197434D400BD8852 /* Debug */ = {
			isa = XCBuildConfiguration;
			buildSettings = {
				ASSETCATALOG_COMPILER_APPICON_NAME = AppIcon;
				ASSETCATALOG_COMPILER_LAUNCHIMAGE_NAME = LaunchImage;
				GCC_PRECOMPILE_PREFIX_HEADER = YES;
				GCC_PREFIX_HEADER = "insultMaster/insultMaster-Prefix.pch";
				INFOPLIST_FILE = "insultMaster/insultMaster-Info.plist";
				PRODUCT_NAME = "$(TARGET_NAME)";
				WRAPPER_EXTENSION = app;
			};
			name = Debug;
		};
		A83CA7E6197434D400BD8852 /* Release */ = {
			isa = XCBuildConfiguration;
			buildSettings = {
				ASSETCATALOG_COMPILER_APPICON_NAME = AppIcon;
				ASSETCATALOG_COMPILER_LAUNCHIMAGE_NAME = LaunchImage;
				GCC_PRECOMPILE_PREFIX_HEADER = YES;
				GCC_PREFIX_HEADER = "insultMaster/insultMaster-Prefix.pch";
				INFOPLIST_FILE = "insultMaster/insultMaster-Info.plist";
				PRODUCT_NAME = "$(TARGET_NAME)";
				WRAPPER_EXTENSION = app;
			};
			name = Release;
		};
		A83CA7E8197434D400BD8852 /* Debug */ = {
			isa = XCBuildConfiguration;
			buildSettings = {
				BUNDLE_LOADER = "$(BUILT_PRODUCTS_DIR)/insultMaster.app/insultMaster";
				FRAMEWORK_SEARCH_PATHS = (
					"$(SDKROOT)/Developer/Library/Frameworks",
					"$(inherited)",
					"$(DEVELOPER_FRAMEWORKS_DIR)",
				);
				GCC_PRECOMPILE_PREFIX_HEADER = YES;
				GCC_PREFIX_HEADER = "insultMaster/insultMaster-Prefix.pch";
				GCC_PREPROCESSOR_DEFINITIONS = (
					"DEBUG=1",
					"$(inherited)",
				);
				INFOPLIST_FILE = "insultMasterTests/insultMasterTests-Info.plist";
				PRODUCT_NAME = "$(TARGET_NAME)";
				TEST_HOST = "$(BUNDLE_LOADER)";
				WRAPPER_EXTENSION = xctest;
			};
			name = Debug;
		};
		A83CA7E9197434D400BD8852 /* Release */ = {
			isa = XCBuildConfiguration;
			buildSettings = {
				BUNDLE_LOADER = "$(BUILT_PRODUCTS_DIR)/insultMaster.app/insultMaster";
				FRAMEWORK_SEARCH_PATHS = (
					"$(SDKROOT)/Developer/Library/Frameworks",
					"$(inherited)",
					"$(DEVELOPER_FRAMEWORKS_DIR)",
				);
				GCC_PRECOMPILE_PREFIX_HEADER = YES;
				GCC_PREFIX_HEADER = "insultMaster/insultMaster-Prefix.pch";
				INFOPLIST_FILE = "insultMasterTests/insultMasterTests-Info.plist";
				PRODUCT_NAME = "$(TARGET_NAME)";
				TEST_HOST = "$(BUNDLE_LOADER)";
				WRAPPER_EXTENSION = xctest;
			};
			name = Release;
		};
/* End XCBuildConfiguration section */

/* Begin XCConfigurationList section */
		A83CA7AD197434D200BD8852 /* Build configuration list for PBXProject "insultMaster" */ = {
			isa = XCConfigurationList;
			buildConfigurations = (
				A83CA7E2197434D400BD8852 /* Debug */,
				A83CA7E3197434D400BD8852 /* Release */,
			);
			defaultConfigurationIsVisible = 0;
			defaultConfigurationName = Release;
		};
		A83CA7E4197434D400BD8852 /* Build configuration list for PBXNativeTarget "insultMaster" */ = {
			isa = XCConfigurationList;
			buildConfigurations = (
				A83CA7E5197434D400BD8852 /* Debug */,
				A83CA7E6197434D400BD8852 /* Release */,
			);
			defaultConfigurationIsVisible = 0;
		};
		A83CA7E7197434D400BD8852 /* Build configuration list for PBXNativeTarget "insultMasterTests" */ = {
			isa = XCConfigurationList;
			buildConfigurations = (
				A83CA7E8197434D400BD8852 /* Debug */,
				A83CA7E9197434D400BD8852 /* Release */,
			);
			defaultConfigurationIsVisible = 0;
		};
/* End XCConfigurationList section */
	};
	rootObject = A83CA7AA197434D200BD8852 /* Project object */;
}
